{
  "nodes": {
    "home-manager": {
      "inputs": {
        "nixpkgs": [
          "nixpkgs"
        ]
      },
      "locked": {
        "lastModified": 1791123389,
        "narHash": "sha256-4ln1QbTLlSC6Wo0Jus/YZuueOBBNhTSa9KMSnco+j8M=",
        "owner": "nix-community",
        "repo": "home-manager",
        "rev": "8cfa9c9514e86f3b88856958b4692e7312b96598",
        "type": "github"
      },
      "original": {
        "owner": "nix-community",
        "repo": "home-manager",
        "type": "github"
      }
    },
    "nixpkgs": {
      "locked": {
        "lastModified": 1791011291,
        "narHash": "sha256-V6OBJccNKBo/ktknxlJXZChPoI0NE2lembArBO3CE9k=",
        "owner": "NixOS",
        "repo": "nixpkgs",
        "rev": "73e728ddb6b7a12d18808f510813a13ee1fe4cce",
        "type": "github"
      },
      "original": {
        "owner": "NixOS",
        "ref": "nixpkgs-unstable",
        "repo": "nixpkgs",
        "type": "github"
      }
    },
    "root": {
      "inputs": {
        "home-manager": "home-manager",
        "nixpkgs": "nixpkgs"
      }
    }
  },
  "root": "root",
  "version": 7
}
